
Microsoft Visual Studio Solution File, Format Version 12.00
# Visual Studio Version 16
VisualStudioVersion = 16.0.29521.150
MinimumVisualStudioVersion = 10.0.40219.1
Project("{9A19103F-16F7-4668-BE54-9A1E7A4F7556}") = "ivwL.WeChatManage.Web", "ivwL.WeChatManage.Web\ivwL.WeChatManage.Web.csproj", "{FEA8393B-0AD3-4E67-ADF2-71C98D688609}"
EndProject
Project("{9A19103F-16F7-4668-BE54-9A1E7A4F7556}") = "ivwL.WeChat.Controllers", "ivwL.WeChat.Controllers\ivwL.WeChat.Controllers.csproj", "{1060BF2A-B22E-4603-A53C-ADCCD81825BC}"
EndProject
Project("{9A19103F-16F7-4668-BE54-9A1E7A4F7556}") = "ivwL.WeChat.Models", "ivwL.WeChat.Models\ivwL.WeChat.Models.csproj", "{1B34A5A8-EFC5-4091-850E-C693DD8FB867}"
EndProject
Project("{9A19103F-16F7-4668-BE54-9A1E7A4F7556}") = "ivwL.WeChat.IDao", "ivwL.WeChat.IDao\ivwL.WeChat.IDao.csproj", "{004CB611-6778-4DA2-A947-1BB46BF32B62}"
EndProject
Project("{9A19103F-16F7-4668-BE54-9A1E7A4F7556}") = "ivwL.WeChat.Dao", "ivwL.WeChat.Dao\ivwL.WeChat.Dao.csproj", "{612230BF-717C-4C59-BB68-9AD65394D425}"
EndProject
Project("{9A19103F-16F7-4668-BE54-9A1E7A4F7556}") = "ivwL.WeChat.Services", "ivwL.WeChat.Services\ivwL.WeChat.Services.csproj", "{09677B96-6B8D-4BD0-8233-653E12136F95}"
EndProject
Project("{9A19103F-16F7-4668-BE54-9A1E7A4F7556}") = "ivwL.WeChat.Utilities", "ivwL.WeChat.Utilities\ivwL.WeChat.Utilities.csproj", "{57E68BC8-7E2C-4D77-853E-B17B6FC76124}"
EndProject
Project("{FAE04EC0-301F-11D3-BF4B-00C04F79EFBC}") = "ivwL.WeChat.Attributes", "ivwL.WeChat.Attributes\ivwL.WeChat.Attributes.csproj", "{D19CC555-7713-48E9-B881-B503480AAEEA}"
EndProject
Global
	GlobalSection(SolutionConfigurationPlatforms) = preSolution
		Debug|Any CPU = Debug|Any CPU
		Release|Any CPU = Release|Any CPU
	EndGlobalSection
	GlobalSection(ProjectConfigurationPlatforms) = postSolution
		{FEA8393B-0AD3-4E67-ADF2-71C98D688609}.Debug|Any CPU.ActiveCfg = Debug|Any CPU
		{FEA8393B-0AD3-4E67-ADF2-71C98D688609}.Debug|Any CPU.Build.0 = Debug|Any CPU
		{FEA8393B-0AD3-4E67-ADF2-71C98D688609}.Release|Any CPU.ActiveCfg = Release|Any CPU
		{FEA8393B-0AD3-4E67-ADF2-71C98D688609}.Release|Any CPU.Build.0 = Release|Any CPU
		{1060BF2A-B22E-4603-A53C-ADCCD81825BC}.Debug|Any CPU.ActiveCfg = Debug|Any CPU
		{1060BF2A-B22E-4603-A53C-ADCCD81825BC}.Debug|Any CPU.Build.0 = Debug|Any CPU
		{1060BF2A-B22E-4603-A53C-ADCCD81825BC}.Release|Any CPU.ActiveCfg = Release|Any CPU
		{1060BF2A-B22E-4603-A53C-ADCCD81825BC}.Release|Any CPU.Build.0 = Release|Any CPU
		{1B34A5A8-EFC5-4091-850E-C693DD8FB867}.Debug|Any CPU.ActiveCfg = Debug|Any CPU
		{1B34A5A8-EFC5-4091-850E-C693DD8FB867}.Debug|Any CPU.Build.0 = Debug|Any CPU
		{1B34A5A8-EFC5-4091-850E-C693DD8FB867}.Release|Any CPU.ActiveCfg = Release|Any CPU
		{1B34A5A8-EFC5-4091-850E-C693DD8FB867}.Release|Any CPU.Build.0 = Release|Any CPU
		{004CB611-6778-4DA2-A947-1BB46BF32B62}.Debug|Any CPU.ActiveCfg = Debug|Any CPU
		{004CB611-6778-4DA2-A947-1BB46BF32B62}.Debug|Any CPU.Build.0 = Debug|Any CPU
		{004CB611-6778-4DA2-A947-1BB46BF32B62}.Release|Any CPU.ActiveCfg = Release|Any CPU
		{004CB611-6778-4DA2-A947-1BB46BF32B62}.Release|Any CPU.Build.0 = Release|Any CPU
		{612230BF-717C-4C59-BB68-9AD65394D425}.Debug|Any CPU.ActiveCfg = Debug|Any CPU
		{612230BF-717C-4C59-BB68-9AD65394D425}.Debug|Any CPU.Build.0 = Debug|Any CPU
		{612230BF-717C-4C59-BB68-9AD65394D425}.Release|Any CPU.ActiveCfg = Release|Any CPU
		{612230BF-717C-4C59-BB68-9AD65394D425}.Release|Any CPU.Build.0 = Release|Any CPU
		{09677B96-6B8D-4BD0-8233-653E12136F95}.Debug|Any CPU.ActiveCfg = Debug|Any CPU
		{09677B96-6B8D-4BD0-8233-653E12136F95}.Debug|Any CPU.Build.0 = Debug|Any CPU
		{09677B96-6B8D-4BD0-8233-653E12136F95}.Release|Any CPU.ActiveCfg = Release|Any CPU
		{09677B96-6B8D-4BD0-8233-653E12136F95}.Release|Any CPU.Build.0 = Release|Any CPU
		{57E68BC8-7E2C-4D77-853E-B17B6FC76124}.Debug|Any CPU.ActiveCfg = Debug|Any CPU
		{57E68BC8-7E2C-4D77-853E-B17B6FC76124}.Debug|Any CPU.Build.0 = Debug|Any CPU
		{57E68BC8-7E2C-4D77-853E-B17B6FC76124}.Release|Any CPU.ActiveCfg = Release|Any CPU
		{57E68BC8-7E2C-4D77-853E-B17B6FC76124}.Release|Any CPU.Build.0 = Release|Any CPU
		{D19CC555-7713-48E9-B881-B503480AAEEA}.Debug|Any CPU.ActiveCfg = Debug|Any CPU
		{D19CC555-7713-48E9-B881-B503480AAEEA}.Debug|Any CPU.Build.0 = Debug|Any CPU
		{D19CC555-7713-48E9-B881-B503480AAEEA}.Release|Any CPU.ActiveCfg = Release|Any CPU
		{D19CC555-7713-48E9-B881-B503480AAEEA}.Release|Any CPU.Build.0 = Release|Any CPU
	EndGlobalSection
	GlobalSection(SolutionProperties) = preSolution
		HideSolutionNode = FALSE
	EndGlobalSection
	GlobalSection(ExtensibilityGlobals) = postSolution
		SolutionGuid = {94AAB704-6545-4932-9E47-00388E6E56B3}
	EndGlobalSection
EndGlobal
